
Microsoft Visual Studio Solution File, Format Version 12.00
# Visual Studio Version 17
VisualStudioVersion = 17.4.33110.190
MinimumVisualStudioVersion = 10.0.40219.1
Project("{FAE04EC0-301F-11D3-BF4B-00C04F79EFBC}") = "todo", "todo.csproj", "{52BF51F9-E487-4F62-B24D-195670FC7AD4}"
EndProject
Global
	GlobalSection(SolutionConfigurationPlatforms) = preSolution
		Debug|Any CPU = Debug|Any CPU
		Release|Any CPU = Release|Any CPU
	EndGlobalSection
	GlobalSection(ProjectConfigurationPlatforms) = postSolution
		{52BF51F9-E487-4F62-B24D-195670FC7AD4}.Debug|Any CPU.ActiveCfg = Debug|Any CPU
		{52BF51F9-E487-4F62-B24D-195670FC7AD4}.Debug|Any CPU.Build.0 = Debug|Any CPU
		{52BF51F9-E487-4F62-B24D-195670FC7AD4}.Release|Any CPU.ActiveCfg = Release|Any CPU
		{52BF51F9-E487-4F62-B24D-195670FC7AD4}.Release|Any CPU.Build.0 = Release|Any CPU
	EndGlobalSection
	GlobalSection(SolutionProperties) = preSolution
		HideSolutionNode = FALSE
	EndGlobalSection
	GlobalSection(ExtensibilityGlobals) = postSolution
		SolutionGuid = {054587E7-A2EF-498D-AC7C-62CBFB37A73C}
	EndGlobalSection
EndGlobal
